
Microsoft Visual Studio Solution File, Format Version 12.00
# Visual Studio 15
VisualStudioVersion = 15.0.26730.16
MinimumVisualStudioVersion = 10.0.40219.1
Project("{FAE04EC0-301F-11D3-BF4B-00C04F79EFBC}") = "RadioZonica.Android", "RadioZonica\RadioZonica.Android\RadioZonica.Android.csproj", "{766DDB2B-966B-47F6-9810-0B530661F938}"
EndProject
Project("{FAE04EC0-301F-11D3-BF4B-00C04F79EFBC}") = "RadioZonica", "RadioZonica\RadioZonica\RadioZonica.csproj", "{8C7FA9EA-BE63-4504-88F3-61CC4280B923}"
EndProject
Project("{FAE04EC0-301F-11D3-BF4B-00C04F79EFBC}") = "RadioZonica.UWP", "RadioZonica\RadioZonica.UWP\RadioZonica.UWP.csproj", "{0ABCBB01-EA5D-4547-BD84-64BB62DCC243}"
EndProject
Project("{FAE04EC0-301F-11D3-BF4B-00C04F79EFBC}") = "RadioZonica.iOS", "RadioZonica\RadioZonica.iOS\RadioZonica.iOS.csproj", "{CE6CFFE3-F64D-420F-B4E4-889759E6800B}"
EndProject
Global
	GlobalSection(SolutionConfigurationPlatforms) = preSolution
		Ad-Hoc|Any CPU = Ad-Hoc|Any CPU
		Ad-Hoc|ARM = Ad-Hoc|ARM
		Ad-Hoc|iPhone = Ad-Hoc|iPhone
		Ad-Hoc|iPhoneSimulator = Ad-Hoc|iPhoneSimulator
		Ad-Hoc|x64 = Ad-Hoc|x64
		Ad-Hoc|x86 = Ad-Hoc|x86
		AppStore|Any CPU = AppStore|Any CPU
		AppStore|ARM = AppStore|ARM
		AppStore|iPhone = AppStore|iPhone
		AppStore|iPhoneSimulator = AppStore|iPhoneSimulator
		AppStore|x64 = AppStore|x64
		AppStore|x86 = AppStore|x86
		Debug|Any CPU = Debug|Any CPU
		Debug|ARM = Debug|ARM
		Debug|iPhone = Debug|iPhone
		Debug|iPhoneSimulator = Debug|iPhoneSimulator
		Debug|x64 = Debug|x64
		Debug|x86 = Debug|x86
		Release|Any CPU = Release|Any CPU
		Release|ARM = Release|ARM
		Release|iPhone = Release|iPhone
		Release|iPhoneSimulator = Release|iPhoneSimulator
		Release|x64 = Release|x64
		Release|x86 = Release|x86
	EndGlobalSection
	GlobalSection(ProjectConfigurationPlatforms) = postSolution
		{766DDB2B-966B-47F6-9810-0B530661F938}.Ad-Hoc|Any CPU.ActiveCfg = Release|Any CPU
		{766DDB2B-966B-47F6-9810-0B530661F938}.Ad-Hoc|Any CPU.Build.0 = Release|Any CPU
		{766DDB2B-966B-47F6-9810-0B530661F938}.Ad-Hoc|Any CPU.Deploy.0 = Release|Any CPU
		{766DDB2B-966B-47F6-9810-0B530661F938}.Ad-Hoc|ARM.ActiveCfg = Release|Any CPU
		{766DDB2B-966B-47F6-9810-0B530661F938}.Ad-Hoc|ARM.Build.0 = Release|Any CPU
		{766DDB2B-966B-47F6-9810-0B530661F938}.Ad-Hoc|ARM.Deploy.0 = Release|Any CPU
		{766DDB2B-966B-47F6-9810-0B530661F938}.Ad-Hoc|iPhone.ActiveCfg = Release|Any CPU
		{766DDB2B-966B-47F6-9810-0B530661F938}.Ad-Hoc|iPhone.Build.0 = Release|Any CPU
		{766DDB2B-966B-47F6-9810-0B530661F938}.Ad-Hoc|iPhone.Deploy.0 = Release|Any CPU
		{766DDB2B-966B-47F6-9810-0B530661F938}.Ad-Hoc|iPhoneSimulator.ActiveCfg = Release|Any CPU
		{766DDB2B-966B-47F6-9810-0B530661F938}.Ad-Hoc|iPhoneSimulator.Build.0 = Release|Any CPU
		{766DDB2B-966B-47F6-9810-0B530661F938}.Ad-Hoc|iPhoneSimulator.Deploy.0 = Release|Any CPU
		{766DDB2B-966B-47F6-9810-0B530661F938}.Ad-Hoc|x64.ActiveCfg = Release|Any CPU
		{766DDB2B-966B-47F6-9810-0B530661F938}.Ad-Hoc|x64.Build.0 = Release|Any CPU
		{766DDB2B-966B-47F6-9810-0B530661F938}.Ad-Hoc|x64.Deploy.0 = Release|Any CPU
		{766DDB2B-966B-47F6-9810-0B530661F938}.Ad-Hoc|x86.ActiveCfg = Release|Any CPU
		{766DDB2B-966B-47F6-9810-0B530661F938}.Ad-Hoc|x86.Build.0 = Release|Any CPU
		{766DDB2B-966B-47F6-9810-0B530661F938}.Ad-Hoc|x86.Deploy.0 = Release|Any CPU
		{766DDB2B-966B-47F6-9810-0B530661F938}.AppStore|Any CPU.ActiveCfg = Release|Any CPU
		{766DDB2B-966B-47F6-9810-0B530661F938}.AppStore|Any CPU.Build.0 = Release|Any CPU
		{766DDB2B-966B-47F6-9810-0B530661F938}.AppStore|Any CPU.Deploy.0 = Release|Any CPU
		{766DDB2B-966B-47F6-9810-0B530661F938}.AppStore|ARM.ActiveCfg = Release|Any CPU
		{766DDB2B-966B-47F6-9810-0B530661F938}.AppStore|ARM.Build.0 = Release|Any CPU
		{766DDB2B-966B-47F6-9810-0B530661F938}.AppStore|ARM.Deploy.0 = Release|Any CPU
		{766DDB2B-966B-47F6-9810-0B530661F938}.AppStore|iPhone.ActiveCfg = Release|Any CPU
		{766DDB2B-966B-47F6-9810-0B530661F938}.AppStore|iPhone.Build.0 = Release|Any CPU
		{766DDB2B-966B-47F6-9810-0B530661F938}.AppStore|iPhone.Deploy.0 = Release|Any CPU
		{766DDB2B-966B-47F6-9810-0B530661F938}.AppStore|iPhoneSimulator.ActiveCfg = Release|Any CPU
		{766DDB2B-966B-47F6-9810-0B530661F938}.AppStore|iPhoneSimulator.Build.0 = Release|Any CPU
		{766DDB2B-966B-47F6-9810-0B530661F938}.AppStore|iPhoneSimulator.Deploy.0 = Release|Any CPU
		{766DDB2B-966B-47F6-9810-0B530661F938}.AppStore|x64.ActiveCfg = Release|Any CPU
		{766DDB2B-966B-47F6-9810-0B530661F938}.AppStore|x64.Build.0 = Release|Any CPU
		{766DDB2B-966B-47F6-9810-0B530661F938}.AppStore|x64.Deploy.0 = Release|Any CPU
		{766DDB2B-966B-47F6-9810-0B530661F938}.AppStore|x86.ActiveCfg = Release|Any CPU
		{766DDB2B-966B-47F6-9810-0B530661F938}.AppStore|x86.Build.0 = Release|Any CPU
		{766DDB2B-966B-47F6-9810-0B530661F938}.AppStore|x86.Deploy.0 = Release|Any CPU
		{766DDB2B-966B-47F6-9810-0B530661F938}.Debug|Any CPU.ActiveCfg = Debug|Any CPU
		{766DDB2B-966B-47F6-9810-0B530661F938}.Debug|Any CPU.Build.0 = Debug|Any CPU
		{766DDB2B-966B-47F6-9810-0B530661F938}.Debug|Any CPU.Deploy.0 = Debug|Any CPU
		{766DDB2B-966B-47F6-9810-0B530661F938}.Debug|ARM.ActiveCfg = Debug|Any CPU
		{766DDB2B-966B-47F6-9810-0B530661F938}.Debug|ARM.Build.0 = Debug|Any CPU
		{766DDB2B-966B-47F6-9810-0B530661F938}.Debug|ARM.Deploy.0 = Debug|Any CPU
		{766DDB2B-966B-47F6-9810-0B530661F938}.Debug|iPhone.ActiveCfg = Debug|Any CPU
		{766DDB2B-966B-47F6-9810-0B530661F938}.Debug|iPhone.Build.0 = Debug|Any CPU
		{766DDB2B-966B-47F6-9810-0B530661F938}.Debug|iPhone.Deploy.0 = Debug|Any CPU
		{766DDB2B-966B-47F6-9810-0B530661F938}.Debug|iPhoneSimulator.ActiveCfg = Debug|Any CPU
		{766DDB2B-966B-47F6-9810-0B530661F938}.Debug|iPhoneSimulator.Build.0 = Debug|Any CPU
		{766DDB2B-966B-47F6-9810-0B530661F938}.Debug|iPhoneSimulator.Deploy.0 = Debug|Any CPU
		{766DDB2B-966B-47F6-9810-0B530661F938}.Debug|x64.ActiveCfg = Debug|Any CPU
		{766DDB2B-966B-47F6-9810-0B530661F938}.Debug|x64.Build.0 = Debug|Any CPU
		{766DDB2B-966B-47F6-9810-0B530661F938}.Debug|x64.Deploy.0 = Debug|Any CPU
		{766DDB2B-966B-47F6-9810-0B530661F938}.Debug|x86.ActiveCfg = Debug|Any CPU
		{766DDB2B-966B-47F6-9810-0B530661F938}.Debug|x86.Build.0 = Debug|Any CPU
		{766DDB2B-966B-47F6-9810-0B530661F938}.Debug|x86.Deploy.0 = Debug|Any CPU
		{766DDB2B-966B-47F6-9810-0B530661F938}.Release|Any CPU.ActiveCfg = Release|Any CPU
		{766DDB2B-966B-47F6-9810-0B530661F938}.Release|Any CPU.Build.0 = Release|Any CPU
		{766DDB2B-966B-47F6-9810-0B530661F938}.Release|Any CPU.Deploy.0 = Release|Any CPU
		{766DDB2B-966B-47F6-9810-0B530661F938}.Release|ARM.ActiveCfg = Release|Any CPU
		{766DDB2B-966B-47F6-9810-0B530661F938}.Release|ARM.Build.0 = Release|Any CPU
		{766DDB2B-966B-47F6-9810-0B530661F938}.Release|ARM.Deploy.0 = Release|Any CPU
		{766DDB2B-966B-47F6-9810-0B530661F938}.Release|iPhone.ActiveCfg = Release|Any CPU
		{766DDB2B-966B-47F6-9810-0B530661F938}.Release|iPhone.Build.0 = Release|Any CPU
		{766DDB2B-966B-47F6-9810-0B530661F938}.Release|iPhone.Deploy.0 = Release|Any CPU
		{766DDB2B-966B-47F6-9810-0B530661F938}.Release|iPhoneSimulator.ActiveCfg = Release|Any CPU
		{766DDB2B-966B-47F6-9810-0B530661F938}.Release|iPhoneSimulator.Build.0 = Release|Any CPU
		{766DDB2B-966B-47F6-9810-0B530661F938}.Release|iPhoneSimulator.Deploy.0 = Release|Any CPU
		{766DDB2B-966B-47F6-9810-0B530661F938}.Release|x64.ActiveCfg = Release|Any CPU
		{766DDB2B-966B-47F6-9810-0B530661F938}.Release|x64.Build.0 = Release|Any CPU
		{766DDB2B-966B-47F6-9810-0B530661F938}.Release|x64.Deploy.0 = Release|Any CPU
		{766DDB2B-966B-47F6-9810-0B530661F938}.Release|x86.ActiveCfg = Release|Any CPU
		{766DDB2B-966B-47F6-9810-0B530661F938}.Release|x86.Build.0 = Release|Any CPU
		{766DDB2B-966B-47F6-9810-0B530661F938}.Release|x86.Deploy.0 = Release|Any CPU
		{8C7FA9EA-BE63-4504-88F3-61CC4280B923}.Ad-Hoc|Any CPU.ActiveCfg = Release|Any CPU
		{8C7FA9EA-BE63-4504-88F3-61CC4280B923}.Ad-Hoc|Any CPU.Build.0 = Release|Any CPU
		{8C7FA9EA-BE63-4504-88F3-61CC4280B923}.Ad-Hoc|ARM.ActiveCfg = Release|Any CPU
		{8C7FA9EA-BE63-4504-88F3-61CC4280B923}.Ad-Hoc|ARM.Build.0 = Release|Any CPU
		{8C7FA9EA-BE63-4504-88F3-61CC4280B923}.Ad-Hoc|iPhone.ActiveCfg = Release|Any CPU
		{8C7FA9EA-BE63-4504-88F3-61CC4280B923}.Ad-Hoc|iPhone.Build.0 = Release|Any CPU
		{8C7FA9EA-BE63-4504-88F3-61CC4280B923}.Ad-Hoc|iPhoneSimulator.ActiveCfg = Release|Any CPU
		{8C7FA9EA-BE63-4504-88F3-61CC4280B923}.Ad-Hoc|iPhoneSimulator.Build.0 = Release|Any CPU
		{8C7FA9EA-BE63-4504-88F3-61CC4280B923}.Ad-Hoc|x64.ActiveCfg = Release|Any CPU
		{8C7FA9EA-BE63-4504-88F3-61CC4280B923}.Ad-Hoc|x64.Build.0 = Release|Any CPU
		{8C7FA9EA-BE63-4504-88F3-61CC4280B923}.Ad-Hoc|x86.ActiveCfg = Release|Any CPU
		{8C7FA9EA-BE63-4504-88F3-61CC4280B923}.Ad-Hoc|x86.Build.0 = Release|Any CPU
		{8C7FA9EA-BE63-4504-88F3-61CC4280B923}.AppStore|Any CPU.ActiveCfg = Release|Any CPU
		{8C7FA9EA-BE63-4504-88F3-61CC4280B923}.AppStore|Any CPU.Build.0 = Release|Any CPU
		{8C7FA9EA-BE63-4504-88F3-61CC4280B923}.AppStore|ARM.ActiveCfg = Release|Any CPU
		{8C7FA9EA-BE63-4504-88F3-61CC4280B923}.AppStore|ARM.Build.0 = Release|Any CPU
		{8C7FA9EA-BE63-4504-88F3-61CC4280B923}.AppStore|iPhone.ActiveCfg = Release|Any CPU
		{8C7FA9EA-BE63-4504-88F3-61CC4280B923}.AppStore|iPhone.Build.0 = Release|Any CPU
		{8C7FA9EA-BE63-4504-88F3-61CC4280B923}.AppStore|iPhoneSimulator.ActiveCfg = Release|Any CPU
		{8C7FA9EA-BE63-4504-88F3-61CC4280B923}.AppStore|iPhoneSimulator.Build.0 = Release|Any CPU
		{8C7FA9EA-BE63-4504-88F3-61CC4280B923}.AppStore|x64.ActiveCfg = Release|Any CPU
		{8C7FA9EA-BE63-4504-88F3-61CC4280B923}.AppStore|x64.Build.0 = Release|Any CPU
		{8C7FA9EA-BE63-4504-88F3-61CC4280B923}.AppStore|x86.ActiveCfg = Release|Any CPU
		{8C7FA9EA-BE63-4504-88F3-61CC4280B923}.AppStore|x86.Build.0 = Release|Any CPU
		{8C7FA9EA-BE63-4504-88F3-61CC4280B923}.Debug|Any CPU.ActiveCfg = Debug|Any CPU
		{8C7FA9EA-BE63-4504-88F3-61CC4280B923}.Debug|Any CPU.Build.0 = Debug|Any CPU
		{8C7FA9EA-BE63-4504-88F3-61CC4280B923}.Debug|ARM.ActiveCfg = Debug|Any CPU
		{8C7FA9EA-BE63-4504-88F3-61CC4280B923}.Debug|ARM.Build.0 = Debug|Any CPU
		{8C7FA9EA-BE63-4504-88F3-61CC4280B923}.Debug|iPhone.ActiveCfg = Debug|Any CPU
		{8C7FA9EA-BE63-4504-88F3-61CC4280B923}.Debug|iPhone.Build.0 = Debug|Any CPU
		{8C7FA9EA-BE63-4504-88F3-61CC4280B923}.Debug|iPhoneSimulator.ActiveCfg = Debug|Any CPU
		{8C7FA9EA-BE63-4504-88F3-61CC4280B923}.Debug|iPhoneSimulator.Build.0 = Debug|Any CPU
		{8C7FA9EA-BE63-4504-88F3-61CC4280B923}.Debug|x64.ActiveCfg = Debug|Any CPU
		{8C7FA9EA-BE63-4504-88F3-61CC4280B923}.Debug|x64.Build.0 = Debug|Any CPU
		{8C7FA9EA-BE63-4504-88F3-61CC4280B923}.Debug|x86.ActiveCfg = Debug|Any CPU
		{8C7FA9EA-BE63-4504-88F3-61CC4280B923}.Debug|x86.Build.0 = Debug|Any CPU
		{8C7FA9EA-BE63-4504-88F3-61CC4280B923}.Release|Any CPU.ActiveCfg = Release|Any CPU
		{8C7FA9EA-BE63-4504-88F3-61CC4280B923}.Release|Any CPU.Build.0 = Release|Any CPU
		{8C7FA9EA-BE63-4504-88F3-61CC4280B923}.Release|ARM.ActiveCfg = Release|Any CPU
		{8C7FA9EA-BE63-4504-88F3-61CC4280B923}.Release|ARM.Build.0 = Release|Any CPU
		{8C7FA9EA-BE63-4504-88F3-61CC4280B923}.Release|iPhone.ActiveCfg = Release|Any CPU
		{8C7FA9EA-BE63-4504-88F3-61CC4280B923}.Release|iPhone.Build.0 = Release|Any CPU
		{8C7FA9EA-BE63-4504-88F3-61CC4280B923}.Release|iPhoneSimulator.ActiveCfg = Release|Any CPU
		{8C7FA9EA-BE63-4504-88F3-61CC4280B923}.Release|iPhoneSimulator.Build.0 = Release|Any CPU
		{8C7FA9EA-BE63-4504-88F3-61CC4280B923}.Release|x64.ActiveCfg = Release|Any CPU
		{8C7FA9EA-BE63-4504-88F3-61CC4280B923}.Release|x64.Build.0 = Release|Any CPU
		{8C7FA9EA-BE63-4504-88F3-61CC4280B923}.Release|x86.ActiveCfg = Release|Any CPU
		{8C7FA9EA-BE63-4504-88F3-61CC4280B923}.Release|x86.Build.0 = Release|Any CPU
		{0ABCBB01-EA5D-4547-BD84-64BB62DCC243}.Ad-Hoc|Any CPU.ActiveCfg = Release|x86
		{0ABCBB01-EA5D-4547-BD84-64BB62DCC243}.Ad-Hoc|Any CPU.Build.0 = Release|x86
		{0ABCBB01-EA5D-4547-BD84-64BB62DCC243}.Ad-Hoc|Any CPU.Deploy.0 = Release|x86
		{0ABCBB01-EA5D-4547-BD84-64BB62DCC243}.Ad-Hoc|ARM.ActiveCfg = Release|ARM
		{0ABCBB01-EA5D-4547-BD84-64BB62DCC243}.Ad-Hoc|ARM.Build.0 = Release|ARM
		{0ABCBB01-EA5D-4547-BD84-64BB62DCC243}.Ad-Hoc|ARM.Deploy.0 = Release|ARM
		{0ABCBB01-EA5D-4547-BD84-64BB62DCC243}.Ad-Hoc|iPhone.ActiveCfg = Release|x86
		{0ABCBB01-EA5D-4547-BD84-64BB62DCC243}.Ad-Hoc|iPhone.Build.0 = Release|x86
		{0ABCBB01-EA5D-4547-BD84-64BB62DCC243}.Ad-Hoc|iPhone.Deploy.0 = Release|x86
		{0ABCBB01-EA5D-4547-BD84-64BB62DCC243}.Ad-Hoc|iPhoneSimulator.ActiveCfg = Release|x86
		{0ABCBB01-EA5D-4547-BD84-64BB62DCC243}.Ad-Hoc|iPhoneSimulator.Build.0 = Release|x86
		{0ABCBB01-EA5D-4547-BD84-64BB62DCC243}.Ad-Hoc|iPhoneSimulator.Deploy.0 = Release|x86
		{0ABCBB01-EA5D-4547-BD84-64BB62DCC243}.Ad-Hoc|x64.ActiveCfg = Release|x64
		{0ABCBB01-EA5D-4547-BD84-64BB62DCC243}.Ad-Hoc|x64.Build.0 = Release|x64
		{0ABCBB01-EA5D-4547-BD84-64BB62DCC243}.Ad-Hoc|x64.Deploy.0 = Release|x64
		{0ABCBB01-EA5D-4547-BD84-64BB62DCC243}.Ad-Hoc|x86.ActiveCfg = Release|x86
		{0ABCBB01-EA5D-4547-BD84-64BB62DCC243}.Ad-Hoc|x86.Build.0 = Release|x86
		{0ABCBB01-EA5D-4547-BD84-64BB62DCC243}.Ad-Hoc|x86.Deploy.0 = Release|x86
		{0ABCBB01-EA5D-4547-BD84-64BB62DCC243}.AppStore|Any CPU.ActiveCfg = Release|x86
		{0ABCBB01-EA5D-4547-BD84-64BB62DCC243}.AppStore|Any CPU.Build.0 = Release|x86
		{0ABCBB01-EA5D-4547-BD84-64BB62DCC243}.AppStore|Any CPU.Deploy.0 = Release|x86
		{0ABCBB01-EA5D-4547-BD84-64BB62DCC243}.AppStore|ARM.ActiveCfg = Release|ARM
		{0ABCBB01-EA5D-4547-BD84-64BB62DCC243}.AppStore|ARM.Build.0 = Release|ARM
		{0ABCBB01-EA5D-4547-BD84-64BB62DCC243}.AppStore|ARM.Deploy.0 = Release|ARM
		{0ABCBB01-EA5D-4547-BD84-64BB62DCC243}.AppStore|iPhone.ActiveCfg = Release|x86
		{0ABCBB01-EA5D-4547-BD84-64BB62DCC243}.AppStore|iPhone.Build.0 = Release|x86
		{0ABCBB01-EA5D-4547-BD84-64BB62DCC243}.AppStore|iPhone.Deploy.0 = Release|x86
		{0ABCBB01-EA5D-4547-BD84-64BB62DCC243}.AppStore|iPhoneSimulator.ActiveCfg = Release|x86
		{0ABCBB01-EA5D-4547-BD84-64BB62DCC243}.AppStore|iPhoneSimulator.Build.0 = Release|x86
		{0ABCBB01-EA5D-4547-BD84-64BB62DCC243}.AppStore|iPhoneSimulator.Deploy.0 = Release|x86
		{0ABCBB01-EA5D-4547-BD84-64BB62DCC243}.AppStore|x64.ActiveCfg = Release|x64
		{0ABCBB01-EA5D-4547-BD84-64BB62DCC243}.AppStore|x64.Build.0 = Release|x64
		{0ABCBB01-EA5D-4547-BD84-64BB62DCC243}.AppStore|x64.Deploy.0 = Release|x64
		{0ABCBB01-EA5D-4547-BD84-64BB62DCC243}.AppStore|x86.ActiveCfg = Release|x86
		{0ABCBB01-EA5D-4547-BD84-64BB62DCC243}.AppStore|x86.Build.0 = Release|x86
		{0ABCBB01-EA5D-4547-BD84-64BB62DCC243}.AppStore|x86.Deploy.0 = Release|x86
		{0ABCBB01-EA5D-4547-BD84-64BB62DCC243}.Debug|Any CPU.ActiveCfg = Debug|x86
		{0ABCBB01-EA5D-4547-BD84-64BB62DCC243}.Debug|ARM.ActiveCfg = Debug|ARM
		{0ABCBB01-EA5D-4547-BD84-64BB62DCC243}.Debug|ARM.Build.0 = Debug|ARM
		{0ABCBB01-EA5D-4547-BD84-64BB62DCC243}.Debug|ARM.Deploy.0 = Debug|ARM
		{0ABCBB01-EA5D-4547-BD84-64BB62DCC243}.Debug|iPhone.ActiveCfg = Debug|x86
		{0ABCBB01-EA5D-4547-BD84-64BB62DCC243}.Debug|iPhoneSimulator.ActiveCfg = Debug|x86
		{0ABCBB01-EA5D-4547-BD84-64BB62DCC243}.Debug|x64.ActiveCfg = Debug|x64
		{0ABCBB01-EA5D-4547-BD84-64BB62DCC243}.Debug|x64.Build.0 = Debug|x64
		{0ABCBB01-EA5D-4547-BD84-64BB62DCC243}.Debug|x64.Deploy.0 = Debug|x64
		{0ABCBB01-EA5D-4547-BD84-64BB62DCC243}.Debug|x86.ActiveCfg = Debug|x86
		{0ABCBB01-EA5D-4547-BD84-64BB62DCC243}.Debug|x86.Build.0 = Debug|x86
		{0ABCBB01-EA5D-4547-BD84-64BB62DCC243}.Debug|x86.Deploy.0 = Debug|x86
		{0ABCBB01-EA5D-4547-BD84-64BB62DCC243}.Release|Any CPU.ActiveCfg = Release|x86
		{0ABCBB01-EA5D-4547-BD84-64BB62DCC243}.Release|ARM.ActiveCfg = Release|ARM
		{0ABCBB01-EA5D-4547-BD84-64BB62DCC243}.Release|ARM.Build.0 = Release|ARM
		{0ABCBB01-EA5D-4547-BD84-64BB62DCC243}.Release|ARM.Deploy.0 = Release|ARM
		{0ABCBB01-EA5D-4547-BD84-64BB62DCC243}.Release|iPhone.ActiveCfg = Release|x86
		{0ABCBB01-EA5D-4547-BD84-64BB62DCC243}.Release|iPhoneSimulator.ActiveCfg = Release|x86
		{0ABCBB01-EA5D-4547-BD84-64BB62DCC243}.Release|x64.ActiveCfg = Release|x64
		{0ABCBB01-EA5D-4547-BD84-64BB62DCC243}.Release|x64.Build.0 = Release|x64
		{0ABCBB01-EA5D-4547-BD84-64BB62DCC243}.Release|x64.Deploy.0 = Release|x64
		{0ABCBB01-EA5D-4547-BD84-64BB62DCC243}.Release|x86.ActiveCfg = Release|x86
		{0ABCBB01-EA5D-4547-BD84-64BB62DCC243}.Release|x86.Build.0 = Release|x86
		{0ABCBB01-EA5D-4547-BD84-64BB62DCC243}.Release|x86.Deploy.0 = Release|x86
		{CE6CFFE3-F64D-420F-B4E4-889759E6800B}.Ad-Hoc|Any CPU.ActiveCfg = Ad-Hoc|iPhone
		{CE6CFFE3-F64D-420F-B4E4-889759E6800B}.Ad-Hoc|ARM.ActiveCfg = Ad-Hoc|iPhone
		{CE6CFFE3-F64D-420F-B4E4-889759E6800B}.Ad-Hoc|iPhone.ActiveCfg = Ad-Hoc|iPhone
		{CE6CFFE3-F64D-420F-B4E4-889759E6800B}.Ad-Hoc|iPhone.Build.0 = Ad-Hoc|iPhone
		{CE6CFFE3-F64D-420F-B4E4-889759E6800B}.Ad-Hoc|iPhoneSimulator.ActiveCfg = Ad-Hoc|iPhoneSimulator
		{CE6CFFE3-F64D-420F-B4E4-889759E6800B}.Ad-Hoc|iPhoneSimulator.Build.0 = Ad-Hoc|iPhoneSimulator
		{CE6CFFE3-F64D-420F-B4E4-889759E6800B}.Ad-Hoc|x64.ActiveCfg = Ad-Hoc|iPhone
		{CE6CFFE3-F64D-420F-B4E4-889759E6800B}.Ad-Hoc|x86.ActiveCfg = Ad-Hoc|iPhone
		{CE6CFFE3-F64D-420F-B4E4-889759E6800B}.AppStore|Any CPU.ActiveCfg = AppStore|iPhone
		{CE6CFFE3-F64D-420F-B4E4-889759E6800B}.AppStore|ARM.ActiveCfg = AppStore|iPhone
		{CE6CFFE3-F64D-420F-B4E4-889759E6800B}.AppStore|iPhone.ActiveCfg = AppStore|iPhone
		{CE6CFFE3-F64D-420F-B4E4-889759E6800B}.AppStore|iPhone.Build.0 = AppStore|iPhone
		{CE6CFFE3-F64D-420F-B4E4-889759E6800B}.AppStore|iPhoneSimulator.ActiveCfg = AppStore|iPhoneSimulator
		{CE6CFFE3-F64D-420F-B4E4-889759E6800B}.AppStore|iPhoneSimulator.Build.0 = AppStore|iPhoneSimulator
		{CE6CFFE3-F64D-420F-B4E4-889759E6800B}.AppStore|x64.ActiveCfg = AppStore|iPhone
		{CE6CFFE3-F64D-420F-B4E4-889759E6800B}.AppStore|x86.ActiveCfg = AppStore|iPhone
		{CE6CFFE3-F64D-420F-B4E4-889759E6800B}.Debug|Any CPU.ActiveCfg = Debug|iPhone
		{CE6CFFE3-F64D-420F-B4E4-889759E6800B}.Debug|ARM.ActiveCfg = Debug|iPhone
		{CE6CFFE3-F64D-420F-B4E4-889759E6800B}.Debug|iPhone.ActiveCfg = Debug|iPhone
		{CE6CFFE3-F64D-420F-B4E4-889759E6800B}.Debug|iPhone.Build.0 = Debug|iPhone
		{CE6CFFE3-F64D-420F-B4E4-889759E6800B}.Debug|iPhoneSimulator.ActiveCfg = Debug|iPhoneSimulator
		{CE6CFFE3-F64D-420F-B4E4-889759E6800B}.Debug|iPhoneSimulator.Build.0 = Debug|iPhoneSimulator
		{CE6CFFE3-F64D-420F-B4E4-889759E6800B}.Debug|x64.ActiveCfg = Debug|iPhone
		{CE6CFFE3-F64D-420F-B4E4-889759E6800B}.Debug|x86.ActiveCfg = Debug|iPhone
		{CE6CFFE3-F64D-420F-B4E4-889759E6800B}.Release|Any CPU.ActiveCfg = Release|iPhone
		{CE6CFFE3-F64D-420F-B4E4-889759E6800B}.Release|ARM.ActiveCfg = Release|iPhone
		{CE6CFFE3-F64D-420F-B4E4-889759E6800B}.Release|iPhone.ActiveCfg = Release|iPhone
		{CE6CFFE3-F64D-420F-B4E4-889759E6800B}.Release|iPhone.Build.0 = Release|iPhone
		{CE6CFFE3-F64D-420F-B4E4-889759E6800B}.Release|iPhoneSimulator.ActiveCfg = Release|iPhoneSimulator
		{CE6CFFE3-F64D-420F-B4E4-889759E6800B}.Release|iPhoneSimulator.Build.0 = Release|iPhoneSimulator
		{CE6CFFE3-F64D-420F-B4E4-889759E6800B}.Release|x64.ActiveCfg = Release|iPhone
		{CE6CFFE3-F64D-420F-B4E4-889759E6800B}.Release|x86.ActiveCfg = Release|iPhone
		{CE6CFFE3-F64D-420F-B4E4-889759E6800B}.Release|Any CPU.Build.0 = Release|iPhone
	EndGlobalSection
	GlobalSection(SolutionProperties) = preSolution
		HideSolutionNode = FALSE
	EndGlobalSection
	GlobalSection(ExtensibilityGlobals) = postSolution
		SolutionGuid = {A49F330E-4557-42C9-A875-3913279BED7D}
	EndGlobalSection
EndGlobal
